// !$*UTF8*$!
{
	archiveVersion = 1;
	classes = {
	};
	objectVersion = 46;
	objects = {

/* Begin PBXBuildFile section */
		5CE43D471BF1264200C6CF5D /* AppDelegate.swift in Sources */ = {isa = PBXBuildFile; fileRef = 5CE43D461BF1264200C6CF5D /* AppDelegate.swift */; };
		5CE43D491BF1264200C6CF5D /* ViewController.swift in Sources */ = {isa = PBXBuildFile; fileRef = 5CE43D481BF1264200C6CF5D /* ViewController.swift */; };
		5CE43D4C1BF1264200C6CF5D /* Main.storyboard in Resources */ = {isa = PBXBuildFile; fileRef = 5CE43D4A1BF1264200C6CF5D /* Main.storyboard */; };
		5CE43D4E1BF1264200C6CF5D /* Assets.xcassets in Resources */ = {isa = PBXBuildFile; fileRef = 5CE43D4D1BF1264200C6CF5D /* Assets.xcassets */; };
		5CE43D511BF1264200C6CF5D /* LaunchScreen.storyboard in Resources */ = {isa = PBXBuildFile; fileRef = 5CE43D4F1BF1264200C6CF5D /* LaunchScreen.storyboard */; };
		5CE43D5A1BF1288C00C6CF5D /* backgroundVerde.png in Resources */ = {isa = PBXBuildFile; fileRef = 5CE43D591BF1288C00C6CF5D /* backgroundVerde.png */; };
		5CE43D5C1BF135C600C6CF5D /* RegistrarViewController.swift in Sources */ = {isa = PBXBuildFile; fileRef = 5CE43D5B1BF135C600C6CF5D /* RegistrarViewController.swift */; };
		5CE43D681BF1A04B00C6CF5D /* SWRevealViewController.m in Sources */ = {isa = PBXBuildFile; fileRef = 5CE43D671BF1A04B00C6CF5D /* SWRevealViewController.m */; };
		5CE43D6A1BF1A11A00C6CF5D /* MenuController.swift in Sources */ = {isa = PBXBuildFile; fileRef = 5CE43D691BF1A11A00C6CF5D /* MenuController.swift */; };
		5CE43D6C1BF1A24700C6CF5D /* MapViewController.swift in Sources */ = {isa = PBXBuildFile; fileRef = 5CE43D6B1BF1A24700C6CF5D /* MapViewController.swift */; };
		5CE43D6E1BF1B98900C6CF5D /* HistorialViewController.swift in Sources */ = {isa = PBXBuildFile; fileRef = 5CE43D6D1BF1B98900C6CF5D /* HistorialViewController.swift */; };
		5CE43D701BF1BB0F00C6CF5D /* FavoritosViewController.swift in Sources */ = {isa = PBXBuildFile; fileRef = 5CE43D6F1BF1BB0F00C6CF5D /* FavoritosViewController.swift */; };
		5CE43D721BF1BC4300C6CF5D /* LigasDeInteresViewController.swift in Sources */ = {isa = PBXBuildFile; fileRef = 5CE43D711BF1BC4300C6CF5D /* LigasDeInteresViewController.swift */; };
		5CE43D741BF1BD7900C6CF5D /* MisDatosViewController.swift in Sources */ = {isa = PBXBuildFile; fileRef = 5CE43D731BF1BD7900C6CF5D /* MisDatosViewController.swift */; };
		5CE43D761BF1BE7100C6CF5D /* AyudaViewController.swift in Sources */ = {isa = PBXBuildFile; fileRef = 5CE43D751BF1BE7100C6CF5D /* AyudaViewController.swift */; };
/* End PBXBuildFile section */

/* Begin PBXFileReference section */
		5CE43D431BF1264200C6CF5D /* Quiero Taxi.app */ = {isa = PBXFileReference; explicitFileType = wrapper.application; includeInIndex = 0; path = "Quiero Taxi.app"; sourceTree = BUILT_PRODUCTS_DIR; };
		5CE43D461BF1264200C6CF5D /* AppDelegate.swift */ = {isa = PBXFileReference; lastKnownFileType = sourcecode.swift; path = AppDelegate.swift; sourceTree = "<group>"; };
		5CE43D481BF1264200C6CF5D /* ViewController.swift */ = {isa = PBXFileReference; lastKnownFileType = sourcecode.swift; path = ViewController.swift; sourceTree = "<group>"; };
		5CE43D4B1BF1264200C6CF5D /* Base */ = {isa = PBXFileReference; lastKnownFileType = file.storyboard; name = Base; path = Base.lproj/Main.storyboard; sourceTree = "<group>"; };
		5CE43D4D1BF1264200C6CF5D /* Assets.xcassets */ = {isa = PBXFileReference; lastKnownFileType = folder.assetcatalog; path = Assets.xcassets; sourceTree = "<group>"; };
		5CE43D501BF1264200C6CF5D /* Base */ = {isa = PBXFileReference; lastKnownFileType = file.storyboard; name = Base; path = Base.lproj/LaunchScreen.storyboard; sourceTree = "<group>"; };
		5CE43D521BF1264200C6CF5D /* Info.plist */ = {isa = PBXFileReference; lastKnownFileType = text.plist.xml; path = Info.plist; sourceTree = "<group>"; };
		5CE43D591BF1288C00C6CF5D /* backgroundVerde.png */ = {isa = PBXFileReference; lastKnownFileType = image.png; path = backgroundVerde.png; sourceTree = "<group>"; };
		5CE43D5B1BF135C600C6CF5D /* RegistrarViewController.swift */ = {isa = PBXFileReference; fileEncoding = 4; lastKnownFileType = sourcecode.swift; path = RegistrarViewController.swift; sourceTree = "<group>"; };
		5CE43D651BF1A04A00C6CF5D /* Quiero Taxi-Bridging-Header.h */ = {isa = PBXFileReference; lastKnownFileType = sourcecode.c.h; path = "Quiero Taxi-Bridging-Header.h"; sourceTree = "<group>"; };
		5CE43D661BF1A04B00C6CF5D /* SWRevealViewController.h */ = {isa = PBXFileReference; fileEncoding = 4; lastKnownFileType = sourcecode.c.h; path = SWRevealViewController.h; sourceTree = "<group>"; };
		5CE43D671BF1A04B00C6CF5D /* SWRevealViewController.m */ = {isa = PBXFileReference; fileEncoding = 4; lastKnownFileType = sourcecode.c.objc; path = SWRevealViewController.m; sourceTree = "<group>"; };
		5CE43D691BF1A11A00C6CF5D /* MenuController.swift */ = {isa = PBXFileReference; fileEncoding = 4; lastKnownFileType = sourcecode.swift; path = MenuController.swift; sourceTree = "<group>"; };
		5CE43D6B1BF1A24700C6CF5D /* MapViewController.swift */ = {isa = PBXFileReference; fileEncoding = 4; lastKnownFileType = sourcecode.swift; path = MapViewController.swift; sourceTree = "<group>"; };
		5CE43D6D1BF1B98900C6CF5D /* HistorialViewController.swift */ = {isa = PBXFileReference; fileEncoding = 4; lastKnownFileType = sourcecode.swift; path = HistorialViewController.swift; sourceTree = "<group>"; };
		5CE43D6F1BF1BB0F00C6CF5D /* FavoritosViewController.swift */ = {isa = PBXFileReference; fileEncoding = 4; lastKnownFileType = sourcecode.swift; path = FavoritosViewController.swift; sourceTree = "<group>"; };
		5CE43D711BF1BC4300C6CF5D /* LigasDeInteresViewController.swift */ = {isa = PBXFileReference; fileEncoding = 4; lastKnownFileType = sourcecode.swift; path = LigasDeInteresViewController.swift; sourceTree = "<group>"; };
		5CE43D731BF1BD7900C6CF5D /* MisDatosViewController.swift */ = {isa = PBXFileReference; fileEncoding = 4; lastKnownFileType = sourcecode.swift; path = MisDatosViewController.swift; sourceTree = "<group>"; };
		5CE43D751BF1BE7100C6CF5D /* AyudaViewController.swift */ = {isa = PBXFileReference; fileEncoding = 4; lastKnownFileType = sourcecode.swift; path = AyudaViewController.swift; sourceTree = "<group>"; };
/* End PBXFileReference section */

/* Begin PBXFrameworksBuildPhase section */
		5CE43D401BF1264100C6CF5D /* Frameworks */ = {
			isa = PBXFrameworksBuildPhase;
			buildActionMask = 2147483647;
			files = (
			);
			runOnlyForDeploymentPostprocessing = 0;
		};
/* End PBXFrameworksBuildPhase section */

/* Begin PBXGroup section */
		5CE43D3A1BF1264100C6CF5D = {
			isa = PBXGroup;
			children = (
				5CE43D451BF1264200C6CF5D /* Quiero Taxi */,
				5CE43D441BF1264200C6CF5D /* Products */,
			);
			sourceTree = "<group>";
		};
		5CE43D441BF1264200C6CF5D /* Products */ = {
			isa = PBXGroup;
			children = (
				5CE43D431BF1264200C6CF5D /* Quiero Taxi.app */,
			);
			name = Products;
			sourceTree = "<group>";
		};
		5CE43D451BF1264200C6CF5D /* Quiero Taxi */ = {
			isa = PBXGroup;
			children = (
				5CE43D641BF1A03E00C6CF5D /* SWRevealViewController */,
				5CE43D581BF1287E00C6CF5D /* Imagenes */,
				5CE43D461BF1264200C6CF5D /* AppDelegate.swift */,
				5CE43D481BF1264200C6CF5D /* ViewController.swift */,
				5CE43D5B1BF135C600C6CF5D /* RegistrarViewController.swift */,
				5CE43D4A1BF1264200C6CF5D /* Main.storyboard */,
				5CE43D691BF1A11A00C6CF5D /* MenuController.swift */,
				5CE43D6B1BF1A24700C6CF5D /* MapViewController.swift */,
				5CE43D6D1BF1B98900C6CF5D /* HistorialViewController.swift */,
				5CE43D6F1BF1BB0F00C6CF5D /* FavoritosViewController.swift */,
				5CE43D711BF1BC4300C6CF5D /* LigasDeInteresViewController.swift */,
				5CE43D731BF1BD7900C6CF5D /* MisDatosViewController.swift */,
				5CE43D751BF1BE7100C6CF5D /* AyudaViewController.swift */,
				5CE43D4D1BF1264200C6CF5D /* Assets.xcassets */,
				5CE43D4F1BF1264200C6CF5D /* LaunchScreen.storyboard */,
				5CE43D521BF1264200C6CF5D /* Info.plist */,
			);
			path = "Quiero Taxi";
			sourceTree = "<group>";
		};
		5CE43D581BF1287E00C6CF5D /* Imagenes */ = {
			isa = PBXGroup;
			children = (
				5CE43D591BF1288C00C6CF5D /* backgroundVerde.png */,
			);
			name = Imagenes;
			sourceTree = "<group>";
		};
		5CE43D641BF1A03E00C6CF5D /* SWRevealViewController */ = {
			isa = PBXGroup;
			children = (
				5CE43D661BF1A04B00C6CF5D /* SWRevealViewController.h */,
				5CE43D671BF1A04B00C6CF5D /* SWRevealViewController.m */,
				5CE43D651BF1A04A00C6CF5D /* Quiero Taxi-Bridging-Header.h */,
			);
			name = SWRevealViewController;
			sourceTree = "<group>";
		};
/* End PBXGroup section */

/* Begin PBXNativeTarget section */
		5CE43D421BF1264100C6CF5D /* Quiero Taxi */ = {
			isa = PBXNativeTarget;
			buildConfigurationList = 5CE43D551BF1264200C6CF5D /* Build configuration list for PBXNativeTarget "Quiero Taxi" */;
			buildPhases = (
				5CE43D3F1BF1264100C6CF5D /* Sources */,
				5CE43D401BF1264100C6CF5D /* Frameworks */,
				5CE43D411BF1264100C6CF5D /* Resources */,
			);
			buildRules = (
			);
			dependencies = (
			);
			name = "Quiero Taxi";
			productName = "Quiero Taxi";
			productReference = 5CE43D431BF1264200C6CF5D /* Quiero Taxi.app */;
			productType = "com.apple.product-type.application";
		};
/* End PBXNativeTarget section */

/* Begin PBXProject section */
		5CE43D3B1BF1264100C6CF5D /* Project object */ = {
			isa = PBXProject;
			attributes = {
				LastSwiftUpdateCheck = 0710;
				LastUpgradeCheck = 0710;
				ORGANIZATIONNAME = "Roberto Gutierrez";
				TargetAttributes = {
					5CE43D421BF1264100C6CF5D = {
						CreatedOnToolsVersion = 7.1;
						DevelopmentTeam = 57GB7ANC7L;
					};
				};
			};
			buildConfigurationList = 5CE43D3E1BF1264100C6CF5D /* Build configuration list for PBXProject "Quiero Taxi" */;
			compatibilityVersion = "Xcode 3.2";
			developmentRegion = English;
			hasScannedForEncodings = 0;
			knownRegions = (
				en,
				Base,
			);
			mainGroup = 5CE43D3A1BF1264100C6CF5D;
			productRefGroup = 5CE43D441BF1264200C6CF5D /* Products */;
			projectDirPath = "";
			projectRoot = "";
			targets = (
				5CE43D421BF1264100C6CF5D /* Quiero Taxi */,
			);
		};
/* End PBXProject section */

/* Begin PBXResourcesBuildPhase section */
		5CE43D411BF1264100C6CF5D /* Resources */ = {
			isa = PBXResourcesBuildPhase;
			buildActionMask = 2147483647;
			files = (
				5CE43D5A1BF1288C00C6CF5D /* backgroundVerde.png in Resources */,
				5CE43D511BF1264200C6CF5D /* LaunchScreen.storyboard in Resources */,
				5CE43D4E1BF1264200C6CF5D /* Assets.xcassets in Resources */,
				5CE43D4C1BF1264200C6CF5D /* Main.storyboard in Resources */,
			);
			runOnlyForDeploymentPostprocessing = 0;
		};
/* End PBXResourcesBuildPhase section */

/* Begin PBXSourcesBuildPhase section */
		5CE43D3F1BF1264100C6CF5D /* Sources */ = {
			isa = PBXSourcesBuildPhase;
			buildActionMask = 2147483647;
			files = (
				5CE43D6A1BF1A11A00C6CF5D /* MenuController.swift in Sources */,
				5CE43D761BF1BE7100C6CF5D /* AyudaViewController.swift in Sources */,
				5CE43D6C1BF1A24700C6CF5D /* MapViewController.swift in Sources */,
				5CE43D491BF1264200C6CF5D /* ViewController.swift in Sources */,
				5CE43D5C1BF135C600C6CF5D /* RegistrarViewController.swift in Sources */,
				5CE43D701BF1BB0F00C6CF5D /* FavoritosViewController.swift in Sources */,
				5CE43D471BF1264200C6CF5D /* AppDelegate.swift in Sources */,
				5CE43D741BF1BD7900C6CF5D /* MisDatosViewController.swift in Sources */,
				5CE43D721BF1BC4300C6CF5D /* LigasDeInteresViewController.swift in Sources */,
				5CE43D681BF1A04B00C6CF5D /* SWRevealViewController.m in Sources */,
				5CE43D6E1BF1B98900C6CF5D /* HistorialViewController.swift in Sources */,
			);
			runOnlyForDeploymentPostprocessing = 0;
		};
/* End PBXSourcesBuildPhase section */

/* Begin PBXVariantGroup section */
		5CE43D4A1BF1264200C6CF5D /* Main.storyboard */ = {
			isa = PBXVariantGroup;
			children = (
				5CE43D4B1BF1264200C6CF5D /* Base */,
			);
			name = Main.storyboard;
			sourceTree = "<group>";
		};
		5CE43D4F1BF1264200C6CF5D /* LaunchScreen.storyboard */ = {
			isa = PBXVariantGroup;
			children = (
				5CE43D501BF1264200C6CF5D /* Base */,
			);
			name = LaunchScreen.storyboard;
			sourceTree = "<group>";
		};
/* End PBXVariantGroup section */

/* Begin XCBuildConfiguration section */
		5CE43D531BF1264200C6CF5D /* Debug */ = {
			isa = XCBuildConfiguration;
			buildSettings = {
				ALWAYS_SEARCH_USER_PATHS = NO;
				CLANG_CXX_LANGUAGE_STANDARD = "gnu++0x";
				CLANG_CXX_LIBRARY = "libc++";
				CLANG_ENABLE_MODULES = YES;
				CLANG_ENABLE_OBJC_ARC = YES;
				CLANG_WARN_BOOL_CONVERSION = YES;
				CLANG_WARN_CONSTANT_CONVERSION = YES;
				CLANG_WARN_DIRECT_OBJC_ISA_USAGE = YES_ERROR;
				CLANG_WARN_EMPTY_BODY = YES;
				CLANG_WARN_ENUM_CONVERSION = YES;
				CLANG_WARN_INT_CONVERSION = YES;
				CLANG_WARN_OBJC_ROOT_CLASS = YES_ERROR;
				CLANG_WARN_UNREACHABLE_CODE = YES;
				CLANG_WARN__DUPLICATE_METHOD_MATCH = YES;
				"CODE_SIGN_IDENTITY[sdk=iphoneos*]" = "iPhone Developer";
				COPY_PHASE_STRIP = NO;
				DEBUG_INFORMATION_FORMAT = dwarf;
				ENABLE_STRICT_OBJC_MSGSEND = YES;
				ENABLE_TESTABILITY = YES;
				GCC_C_LANGUAGE_STANDARD = gnu99;
				GCC_DYNAMIC_NO_PIC = NO;
				GCC_NO_COMMON_BLOCKS = YES;
				GCC_OPTIMIZATION_LEVEL = 0;
				GCC_PREPROCESSOR_DEFINITIONS = (
					"DEBUG=1",
					"$(inherited)",
				);
				GCC_WARN_64_TO_32_BIT_CONVERSION = YES;
				GCC_WARN_ABOUT_RETURN_TYPE = YES_ERROR;
				GCC_WARN_UNDECLARED_SELECTOR = YES;
				GCC_WARN_UNINITIALIZED_AUTOS = YES_AGGRESSIVE;
				GCC_WARN_UNUSED_FUNCTION = YES;
				GCC_WARN_UNUSED_VARIABLE = YES;
				IPHONEOS_DEPLOYMENT_TARGET = 9.1;
				MTL_ENABLE_DEBUG_INFO = YES;
				ONLY_ACTIVE_ARCH = YES;
				SDKROOT = iphoneos;
				SWIFT_OPTIMIZATION_LEVEL = "-Onone";
				TARGETED_DEVICE_FAMILY = "1,2";
			};
			name = Debug;
		};
		5CE43D541BF1264200C6CF5D /* Release */ = {
			isa = XCBuildConfiguration;
			buildSettings = {
				ALWAYS_SEARCH_USER_PATHS = NO;
				CLANG_CXX_LANGUAGE_STANDARD = "gnu++0x";
				CLANG_CXX_LIBRARY = "libc++";
				CLANG_ENABLE_MODULES = YES;
				CLANG_ENABLE_OBJC_ARC = YES;
				CLANG_WARN_BOOL_CONVERSION = YES;
				CLANG_WARN_CONSTANT_CONVERSION = YES;
				CLANG_WARN_DIRECT_OBJC_ISA_USAGE = YES_ERROR;
				CLANG_WARN_EMPTY_BODY = YES;
				CLANG_WARN_ENUM_CONVERSION = YES;
				CLANG_WARN_INT_CONVERSION = YES;
				CLANG_WARN_OBJC_ROOT_CLASS = YES_ERROR;
				CLANG_WARN_UNREACHABLE_CODE = YES;
				CLANG_WARN__DUPLICATE_METHOD_MATCH = YES;
				"CODE_SIGN_IDENTITY[sdk=iphoneos*]" = "iPhone Developer";
				COPY_PHASE_STRIP = NO;
				DEBUG_INFORMATION_FORMAT = "dwarf-with-dsym";
				ENABLE_NS_ASSERTIONS = NO;
				ENABLE_STRICT_OBJC_MSGSEND = YES;
				GCC_C_LANGUAGE_STANDARD = gnu99;
				GCC_NO_COMMON_BLOCKS = YES;
				GCC_WARN_64_TO_32_BIT_CONVERSION = YES;
				GCC_WARN_ABOUT_RETURN_TYPE = YES_ERROR;
				GCC_WARN_UNDECLARED_SELECTOR = YES;
				GCC_WARN_UNINITIALIZED_AUTOS = YES_AGGRESSIVE;
				GCC_WARN_UNUSED_FUNCTION = YES;
				GCC_WARN_UNUSED_VARIABLE = YES;
				IPHONEOS_DEPLOYMENT_TARGET = 9.1;
				MTL_ENABLE_DEBUG_INFO = NO;
				SDKROOT = iphoneos;
				TARGETED_DEVICE_FAMILY = "1,2";
				VALIDATE_PRODUCT = YES;
			};
			name = Release;
		};
		5CE43D561BF1264200C6CF5D /* Debug */ = {
			isa = XCBuildConfiguration;
			buildSettings = {
				ASSETCATALOG_COMPILER_APPICON_NAME = AppIcon;
				CLANG_ENABLE_MODULES = YES;
				CODE_SIGN_IDENTITY = "iPhone Developer";
				"CODE_SIGN_IDENTITY[sdk=iphoneos*]" = "iPhone Developer";
				INFOPLIST_FILE = "Quiero Taxi/Info.plist";
				IPHONEOS_DEPLOYMENT_TARGET = 8.0;
				LD_RUNPATH_SEARCH_PATHS = "$(inherited) @executable_path/Frameworks";
				PRODUCT_BUNDLE_IDENTIFIER = "com.dctimx.quierotaxi-swift";
				PRODUCT_NAME = "$(TARGET_NAME)";
				PROVISIONING_PROFILE = "";
				SWIFT_OBJC_BRIDGING_HEADER = "Quiero Taxi/Quiero Taxi-Bridging-Header.h";
				SWIFT_OPTIMIZATION_LEVEL = "-Onone";
				TARGETED_DEVICE_FAMILY = 1;
			};
			name = Debug;
		};
		5CE43D571BF1264200C6CF5D /* Release */ = {
			isa = XCBuildConfiguration;
			buildSettings = {
				ASSETCATALOG_COMPILER_APPICON_NAME = AppIcon;
				CLANG_ENABLE_MODULES = YES;
				CODE_SIGN_IDENTITY = "iPhone Developer";
				"CODE_SIGN_IDENTITY[sdk=iphoneos*]" = "iPhone Developer";
				INFOPLIST_FILE = "Quiero Taxi/Info.plist";
				IPHONEOS_DEPLOYMENT_TARGET = 8.0;
				LD_RUNPATH_SEARCH_PATHS = "$(inherited) @executable_path/Frameworks";
				PRODUCT_BUNDLE_IDENTIFIER = "com.dctimx.quierotaxi-swift";
				PRODUCT_NAME = "$(TARGET_NAME)";
				PROVISIONING_PROFILE = "";
				SWIFT_OBJC_BRIDGING_HEADER = "Quiero Taxi/Quiero Taxi-Bridging-Header.h";
				TARGETED_DEVICE_FAMILY = 1;
			};
			name = Release;
		};
/* End XCBuildConfiguration section */

/* Begin XCConfigurationList section */
		5CE43D3E1BF1264100C6CF5D /* Build configuration list for PBXProject "Quiero Taxi" */ = {
			isa = XCConfigurationList;
			buildConfigurations = (
				5CE43D531BF1264200C6CF5D /* Debug */,
				5CE43D541BF1264200C6CF5D /* Release */,
			);
			defaultConfigurationIsVisible = 0;
			defaultConfigurationName = Release;
		};
		5CE43D551BF1264200C6CF5D /* Build configuration list for PBXNativeTarget "Quiero Taxi" */ = {
			isa = XCConfigurationList;
			buildConfigurations = (
				5CE43D561BF1264200C6CF5D /* Debug */,
				5CE43D571BF1264200C6CF5D /* Release */,
			);
			defaultConfigurationIsVisible = 0;
			defaultConfigurationName = Release;
		};
/* End XCConfigurationList section */
	};
	rootObject = 5CE43D3B1BF1264100C6CF5D /* Project object */;
}
